
Microsoft Visual Studio Solution File, Format Version 12.00
# Visual Studio Version 16
VisualStudioVersion = 16.0.31313.79
MinimumVisualStudioVersion = 10.0.40219.1
Project("{FAE04EC0-301F-11D3-BF4B-00C04F79EFBC}") = "GameCatalog.api", "GameCatalog.api\GameCatalog.api.csproj", "{562B2C5B-6943-4CA8-A5EC-6F2BE74D13E5}"
EndProject
Project("{FAE04EC0-301F-11D3-BF4B-00C04F79EFBC}") = "GameCatalog.Domain", "GameCatalog.Domain\GameCatalog.Domain.csproj", "{6773CA60-6062-4F98-A9D8-92569C66F45B}"
EndProject
Project("{FAE04EC0-301F-11D3-BF4B-00C04F79EFBC}") = "GameCatalog.Infra", "GameCatalog.Infra\GameCatalog.Infra.csproj", "{0C39BCD9-C876-41CD-A5AD-4EF02ED72E06}"
EndProject
Global
	GlobalSection(SolutionConfigurationPlatforms) = preSolution
		Debug|Any CPU = Debug|Any CPU
		Release|Any CPU = Release|Any CPU
	EndGlobalSection
	GlobalSection(ProjectConfigurationPlatforms) = postSolution
		{562B2C5B-6943-4CA8-A5EC-6F2BE74D13E5}.Debug|Any CPU.ActiveCfg = Debug|Any CPU
		{562B2C5B-6943-4CA8-A5EC-6F2BE74D13E5}.Debug|Any CPU.Build.0 = Debug|Any CPU
		{562B2C5B-6943-4CA8-A5EC-6F2BE74D13E5}.Release|Any CPU.ActiveCfg = Release|Any CPU
		{562B2C5B-6943-4CA8-A5EC-6F2BE74D13E5}.Release|Any CPU.Build.0 = Release|Any CPU
		{6773CA60-6062-4F98-A9D8-92569C66F45B}.Debug|Any CPU.ActiveCfg = Debug|Any CPU
		{6773CA60-6062-4F98-A9D8-92569C66F45B}.Debug|Any CPU.Build.0 = Debug|Any CPU
		{6773CA60-6062-4F98-A9D8-92569C66F45B}.Release|Any CPU.ActiveCfg = Release|Any CPU
		{6773CA60-6062-4F98-A9D8-92569C66F45B}.Release|Any CPU.Build.0 = Release|Any CPU
		{0C39BCD9-C876-41CD-A5AD-4EF02ED72E06}.Debug|Any CPU.ActiveCfg = Debug|Any CPU
		{0C39BCD9-C876-41CD-A5AD-4EF02ED72E06}.Debug|Any CPU.Build.0 = Debug|Any CPU
		{0C39BCD9-C876-41CD-A5AD-4EF02ED72E06}.Release|Any CPU.ActiveCfg = Release|Any CPU
		{0C39BCD9-C876-41CD-A5AD-4EF02ED72E06}.Release|Any CPU.Build.0 = Release|Any CPU
	EndGlobalSection
	GlobalSection(SolutionProperties) = preSolution
		HideSolutionNode = FALSE
	EndGlobalSection
	GlobalSection(ExtensibilityGlobals) = postSolution
		SolutionGuid = {83EC8E22-420B-4BC7-83EE-2803FA1B433C}
	EndGlobalSection
EndGlobal
